
Microsoft Visual Studio Solution File, Format Version 12.00
# Visual Studio 14
VisualStudioVersion = 14.0.25420.1
MinimumVisualStudioVersion = 10.0.40219.1
Project("{A07B5EB6-E848-4116-A8D0-A826331D98C6}") = "ServiceFabricReference", "ServiceFabricReference\ServiceFabricReference.sfproj", "{5C27CCE7-4989-413E-B4D2-ABA706AF28E1}"
EndProject
Project("{FAE04EC0-301F-11D3-BF4B-00C04F79EFBC}") = "StatelessRemotingService", "StatelessRemotingService\StatelessRemotingService.csproj", "{DF7F883B-D843-4493-A656-099ACDDA647B}"
EndProject
Project("{FAE04EC0-301F-11D3-BF4B-00C04F79EFBC}") = "FibonacciSeq", "FibonacciSeq\FibonacciSeq.csproj", "{265AFEBB-A56B-407F-BB8E-987C1015C3F1}"
EndProject
Project("{2150E333-8FDC-42A3-9474-1A3956D46DE8}") = "Tests", "Tests", "{22B6B7A2-2B63-414E-8BEC-0DCD8A8FC33A}"
EndProject
Project("{2150E333-8FDC-42A3-9474-1A3956D46DE8}") = "Clients", "Clients", "{9513E1DD-9360-4E1E-8614-8655AFA6D053}"
EndProject
Project("{FAE04EC0-301F-11D3-BF4B-00C04F79EFBC}") = "RemotingClient", "RemotingClient\RemotingClient.csproj", "{4E131798-8501-4724-AC9E-518BEF50387A}"
EndProject
Project("{2150E333-8FDC-42A3-9474-1A3956D46DE8}") = "Shared", "Shared", "{F571E8E9-D520-4B5D-B35B-1F62F360CD97}"
EndProject
Project("{FAE04EC0-301F-11D3-BF4B-00C04F79EFBC}") = "StatefulRemotingService", "StatefulRemotingService\StatefulRemotingService.csproj", "{EFF4EF80-83CA-49FF-8248-708734FFCBBD}"
EndProject
Project("{FAE04EC0-301F-11D3-BF4B-00C04F79EFBC}") = "ActorRemotingService", "ActorRemotingService\ActorRemotingService.csproj", "{4734277A-BD7C-429D-8420-7EA74B0026FE}"
EndProject
Project("{FAE04EC0-301F-11D3-BF4B-00C04F79EFBC}") = "ActorRemotingService.Interfaces", "ActorRemotingService.Interfaces\ActorRemotingService.Interfaces.csproj", "{19AD28D6-0663-4FC7-ACE6-8014B9D1786A}"
EndProject
Project("{FAE04EC0-301F-11D3-BF4B-00C04F79EFBC}") = "RemotingTests", "RemotingTests\RemotingTests.csproj", "{9E2BE119-72E0-4219-AE3E-2BC7B81EF7F0}"
EndProject
Project("{FAE04EC0-301F-11D3-BF4B-00C04F79EFBC}") = "ServiceFabricMocks", "ServiceFabricMocks\ServiceFabricMocks.csproj", "{A30DE7E8-451C-4ADE-AF6A-4A6CC44306E6}"
EndProject
Project("{2150E333-8FDC-42A3-9474-1A3956D46DE8}") = "Stateless", "Stateless", "{3116A587-155D-4637-A0F6-4FECEF7DFDDB}"
EndProject
Project("{2150E333-8FDC-42A3-9474-1A3956D46DE8}") = "Stateful", "Stateful", "{AD5344F3-C007-488E-9AB4-C6976FF55111}"
EndProject
Project("{2150E333-8FDC-42A3-9474-1A3956D46DE8}") = "Actor", "Actor", "{6F1D7421-E69A-4B34-9953-0204330F1D9F}"
EndProject
Project("{FAE04EC0-301F-11D3-BF4B-00C04F79EFBC}") = "StatelessWcfService", "StatelessWcfService\StatelessWcfService.csproj", "{B20A265F-595B-422E-B86F-20FB6D434D87}"
EndProject
Global
	GlobalSection(SolutionConfigurationPlatforms) = preSolution
		Debug|Any CPU = Debug|Any CPU
		Debug|x64 = Debug|x64
		Release|Any CPU = Release|Any CPU
		Release|x64 = Release|x64
	EndGlobalSection
	GlobalSection(ProjectConfigurationPlatforms) = postSolution
		{5C27CCE7-4989-413E-B4D2-ABA706AF28E1}.Debug|Any CPU.ActiveCfg = Debug|x64
		{5C27CCE7-4989-413E-B4D2-ABA706AF28E1}.Debug|x64.ActiveCfg = Debug|x64
		{5C27CCE7-4989-413E-B4D2-ABA706AF28E1}.Debug|x64.Build.0 = Debug|x64
		{5C27CCE7-4989-413E-B4D2-ABA706AF28E1}.Debug|x64.Deploy.0 = Debug|x64
		{5C27CCE7-4989-413E-B4D2-ABA706AF28E1}.Release|Any CPU.ActiveCfg = Release|x64
		{5C27CCE7-4989-413E-B4D2-ABA706AF28E1}.Release|x64.ActiveCfg = Release|x64
		{5C27CCE7-4989-413E-B4D2-ABA706AF28E1}.Release|x64.Build.0 = Release|x64
		{5C27CCE7-4989-413E-B4D2-ABA706AF28E1}.Release|x64.Deploy.0 = Release|x64
		{DF7F883B-D843-4493-A656-099ACDDA647B}.Debug|Any CPU.ActiveCfg = Debug|x64
		{DF7F883B-D843-4493-A656-099ACDDA647B}.Debug|x64.ActiveCfg = Debug|x64
		{DF7F883B-D843-4493-A656-099ACDDA647B}.Debug|x64.Build.0 = Debug|x64
		{DF7F883B-D843-4493-A656-099ACDDA647B}.Release|Any CPU.ActiveCfg = Release|x64
		{DF7F883B-D843-4493-A656-099ACDDA647B}.Release|x64.ActiveCfg = Release|x64
		{DF7F883B-D843-4493-A656-099ACDDA647B}.Release|x64.Build.0 = Release|x64
		{265AFEBB-A56B-407F-BB8E-987C1015C3F1}.Debug|Any CPU.ActiveCfg = Debug|Any CPU
		{265AFEBB-A56B-407F-BB8E-987C1015C3F1}.Debug|Any CPU.Build.0 = Debug|Any CPU
		{265AFEBB-A56B-407F-BB8E-987C1015C3F1}.Debug|x64.ActiveCfg = Debug|Any CPU
		{265AFEBB-A56B-407F-BB8E-987C1015C3F1}.Debug|x64.Build.0 = Debug|Any CPU
		{265AFEBB-A56B-407F-BB8E-987C1015C3F1}.Release|Any CPU.ActiveCfg = Release|Any CPU
		{265AFEBB-A56B-407F-BB8E-987C1015C3F1}.Release|Any CPU.Build.0 = Release|Any CPU
		{265AFEBB-A56B-407F-BB8E-987C1015C3F1}.Release|x64.ActiveCfg = Release|Any CPU
		{265AFEBB-A56B-407F-BB8E-987C1015C3F1}.Release|x64.Build.0 = Release|Any CPU
		{4E131798-8501-4724-AC9E-518BEF50387A}.Debug|Any CPU.ActiveCfg = Debug|Any CPU
		{4E131798-8501-4724-AC9E-518BEF50387A}.Debug|Any CPU.Build.0 = Debug|Any CPU
		{4E131798-8501-4724-AC9E-518BEF50387A}.Debug|x64.ActiveCfg = Debug|Any CPU
		{4E131798-8501-4724-AC9E-518BEF50387A}.Debug|x64.Build.0 = Debug|Any CPU
		{4E131798-8501-4724-AC9E-518BEF50387A}.Release|Any CPU.ActiveCfg = Release|Any CPU
		{4E131798-8501-4724-AC9E-518BEF50387A}.Release|Any CPU.Build.0 = Release|Any CPU
		{4E131798-8501-4724-AC9E-518BEF50387A}.Release|x64.ActiveCfg = Release|Any CPU
		{4E131798-8501-4724-AC9E-518BEF50387A}.Release|x64.Build.0 = Release|Any CPU
		{EFF4EF80-83CA-49FF-8248-708734FFCBBD}.Debug|Any CPU.ActiveCfg = Debug|x64
		{EFF4EF80-83CA-49FF-8248-708734FFCBBD}.Debug|x64.ActiveCfg = Debug|x64
		{EFF4EF80-83CA-49FF-8248-708734FFCBBD}.Debug|x64.Build.0 = Debug|x64
		{EFF4EF80-83CA-49FF-8248-708734FFCBBD}.Release|Any CPU.ActiveCfg = Release|x64
		{EFF4EF80-83CA-49FF-8248-708734FFCBBD}.Release|x64.ActiveCfg = Release|x64
		{EFF4EF80-83CA-49FF-8248-708734FFCBBD}.Release|x64.Build.0 = Release|x64
		{4734277A-BD7C-429D-8420-7EA74B0026FE}.Debug|Any CPU.ActiveCfg = Debug|x64
		{4734277A-BD7C-429D-8420-7EA74B0026FE}.Debug|x64.ActiveCfg = Debug|x64
		{4734277A-BD7C-429D-8420-7EA74B0026FE}.Debug|x64.Build.0 = Debug|x64
		{4734277A-BD7C-429D-8420-7EA74B0026FE}.Release|Any CPU.ActiveCfg = Release|x64
		{4734277A-BD7C-429D-8420-7EA74B0026FE}.Release|x64.ActiveCfg = Release|x64
		{4734277A-BD7C-429D-8420-7EA74B0026FE}.Release|x64.Build.0 = Release|x64
		{19AD28D6-0663-4FC7-ACE6-8014B9D1786A}.Debug|Any CPU.ActiveCfg = Debug|x64
		{19AD28D6-0663-4FC7-ACE6-8014B9D1786A}.Debug|x64.ActiveCfg = Debug|x64
		{19AD28D6-0663-4FC7-ACE6-8014B9D1786A}.Debug|x64.Build.0 = Debug|x64
		{19AD28D6-0663-4FC7-ACE6-8014B9D1786A}.Release|Any CPU.ActiveCfg = Release|x64
		{19AD28D6-0663-4FC7-ACE6-8014B9D1786A}.Release|x64.ActiveCfg = Release|x64
		{19AD28D6-0663-4FC7-ACE6-8014B9D1786A}.Release|x64.Build.0 = Release|x64
		{9E2BE119-72E0-4219-AE3E-2BC7B81EF7F0}.Debug|Any CPU.ActiveCfg = Debug|Any CPU
		{9E2BE119-72E0-4219-AE3E-2BC7B81EF7F0}.Debug|Any CPU.Build.0 = Debug|Any CPU
		{9E2BE119-72E0-4219-AE3E-2BC7B81EF7F0}.Debug|x64.ActiveCfg = Debug|Any CPU
		{9E2BE119-72E0-4219-AE3E-2BC7B81EF7F0}.Debug|x64.Build.0 = Debug|Any CPU
		{9E2BE119-72E0-4219-AE3E-2BC7B81EF7F0}.Release|Any CPU.ActiveCfg = Release|Any CPU
		{9E2BE119-72E0-4219-AE3E-2BC7B81EF7F0}.Release|Any CPU.Build.0 = Release|Any CPU
		{9E2BE119-72E0-4219-AE3E-2BC7B81EF7F0}.Release|x64.ActiveCfg = Release|Any CPU
		{9E2BE119-72E0-4219-AE3E-2BC7B81EF7F0}.Release|x64.Build.0 = Release|Any CPU
		{A30DE7E8-451C-4ADE-AF6A-4A6CC44306E6}.Debug|Any CPU.ActiveCfg = Debug|Any CPU
		{A30DE7E8-451C-4ADE-AF6A-4A6CC44306E6}.Debug|Any CPU.Build.0 = Debug|Any CPU
		{A30DE7E8-451C-4ADE-AF6A-4A6CC44306E6}.Debug|x64.ActiveCfg = Debug|Any CPU
		{A30DE7E8-451C-4ADE-AF6A-4A6CC44306E6}.Debug|x64.Build.0 = Debug|Any CPU
		{A30DE7E8-451C-4ADE-AF6A-4A6CC44306E6}.Release|Any CPU.ActiveCfg = Release|Any CPU
		{A30DE7E8-451C-4ADE-AF6A-4A6CC44306E6}.Release|Any CPU.Build.0 = Release|Any CPU
		{A30DE7E8-451C-4ADE-AF6A-4A6CC44306E6}.Release|x64.ActiveCfg = Release|Any CPU
		{A30DE7E8-451C-4ADE-AF6A-4A6CC44306E6}.Release|x64.Build.0 = Release|Any CPU
		{B20A265F-595B-422E-B86F-20FB6D434D87}.Debug|Any CPU.ActiveCfg = Debug|x64
		{B20A265F-595B-422E-B86F-20FB6D434D87}.Debug|x64.ActiveCfg = Debug|x64
		{B20A265F-595B-422E-B86F-20FB6D434D87}.Debug|x64.Build.0 = Debug|x64
		{B20A265F-595B-422E-B86F-20FB6D434D87}.Release|Any CPU.ActiveCfg = Release|x64
		{B20A265F-595B-422E-B86F-20FB6D434D87}.Release|x64.ActiveCfg = Release|x64
		{B20A265F-595B-422E-B86F-20FB6D434D87}.Release|x64.Build.0 = Release|x64
	EndGlobalSection
	GlobalSection(SolutionProperties) = preSolution
		HideSolutionNode = FALSE
	EndGlobalSection
	GlobalSection(NestedProjects) = preSolution
		{DF7F883B-D843-4493-A656-099ACDDA647B} = {3116A587-155D-4637-A0F6-4FECEF7DFDDB}
		{265AFEBB-A56B-407F-BB8E-987C1015C3F1} = {F571E8E9-D520-4B5D-B35B-1F62F360CD97}
		{4E131798-8501-4724-AC9E-518BEF50387A} = {9513E1DD-9360-4E1E-8614-8655AFA6D053}
		{EFF4EF80-83CA-49FF-8248-708734FFCBBD} = {AD5344F3-C007-488E-9AB4-C6976FF55111}
		{4734277A-BD7C-429D-8420-7EA74B0026FE} = {6F1D7421-E69A-4B34-9953-0204330F1D9F}
		{19AD28D6-0663-4FC7-ACE6-8014B9D1786A} = {6F1D7421-E69A-4B34-9953-0204330F1D9F}
		{9E2BE119-72E0-4219-AE3E-2BC7B81EF7F0} = {22B6B7A2-2B63-414E-8BEC-0DCD8A8FC33A}
		{A30DE7E8-451C-4ADE-AF6A-4A6CC44306E6} = {22B6B7A2-2B63-414E-8BEC-0DCD8A8FC33A}
		{B20A265F-595B-422E-B86F-20FB6D434D87} = {3116A587-155D-4637-A0F6-4FECEF7DFDDB}
	EndGlobalSection
EndGlobal
